
Microsoft Visual Studio Solution File, Format Version 12.00
# Visual Studio 15
VisualStudioVersion = 15.0.28307.1169
MinimumVisualStudioVersion = 10.0.40219.1
Project("{FAE04EC0-301F-11D3-BF4B-00C04F79EFBC}") = "rock_paper_scissors", "rock_paper_scissors\rock_paper_scissors.csproj", "{C548A0DC-5644-4485-B097-4D701C7AE19C}"
EndProject
Global
	GlobalSection(SolutionConfigurationPlatforms) = preSolution
		Debug|Any CPU = Debug|Any CPU
		Release|Any CPU = Release|Any CPU
	EndGlobalSection
	GlobalSection(ProjectConfigurationPlatforms) = postSolution
		{C548A0DC-5644-4485-B097-4D701C7AE19C}.Debug|Any CPU.ActiveCfg = Debug|Any CPU
		{C548A0DC-5644-4485-B097-4D701C7AE19C}.Debug|Any CPU.Build.0 = Debug|Any CPU
		{C548A0DC-5644-4485-B097-4D701C7AE19C}.Release|Any CPU.ActiveCfg = Release|Any CPU
		{C548A0DC-5644-4485-B097-4D701C7AE19C}.Release|Any CPU.Build.0 = Release|Any CPU
	EndGlobalSection
	GlobalSection(SolutionProperties) = preSolution
		HideSolutionNode = FALSE
	EndGlobalSection
	GlobalSection(ExtensibilityGlobals) = postSolution
		SolutionGuid = {065B1C12-ADF5-45DD-94A6-C4B77E2BE8D2}
	EndGlobalSection
EndGlobal
